
Microsoft Visual Studio Solution File, Format Version 12.00
# Visual Studio Version 17
VisualStudioVersion = 17.0.31903.59
MinimumVisualStudioVersion = 10.0.40219.1
Project("{FAE04EC0-301F-11D3-BF4B-00C04F79EFBC}") = "CSharpFundamentals", "CSharpFundamentals\CSharpFundamentals.csproj", "{2E76B527-8240-4790-ADB5-3CCD38D63F37}"
EndProject
Project("{FAE04EC0-301F-11D3-BF4B-00C04F79EFBC}") = "FundamentalsTests", "FundamentalsTests\FundamentalsTests.csproj", "{A54F0A79-5F2B-4A8D-BF1C-293FA6ABFF01}"
EndProject
Global
	GlobalSection(SolutionConfigurationPlatforms) = preSolution
		Debug|Any CPU = Debug|Any CPU
		Debug|x64 = Debug|x64
		Debug|x86 = Debug|x86
		Release|Any CPU = Release|Any CPU
		Release|x64 = Release|x64
		Release|x86 = Release|x86
	EndGlobalSection
	GlobalSection(ProjectConfigurationPlatforms) = postSolution
		{2E76B527-8240-4790-ADB5-3CCD38D63F37}.Debug|Any CPU.ActiveCfg = Debug|Any CPU
		{2E76B527-8240-4790-ADB5-3CCD38D63F37}.Debug|Any CPU.Build.0 = Debug|Any CPU
		{2E76B527-8240-4790-ADB5-3CCD38D63F37}.Debug|x64.ActiveCfg = Debug|Any CPU
		{2E76B527-8240-4790-ADB5-3CCD38D63F37}.Debug|x64.Build.0 = Debug|Any CPU
		{2E76B527-8240-4790-ADB5-3CCD38D63F37}.Debug|x86.ActiveCfg = Debug|Any CPU
		{2E76B527-8240-4790-ADB5-3CCD38D63F37}.Debug|x86.Build.0 = Debug|Any CPU
		{2E76B527-8240-4790-ADB5-3CCD38D63F37}.Release|Any CPU.ActiveCfg = Release|Any CPU
		{2E76B527-8240-4790-ADB5-3CCD38D63F37}.Release|Any CPU.Build.0 = Release|Any CPU
		{2E76B527-8240-4790-ADB5-3CCD38D63F37}.Release|x64.ActiveCfg = Release|Any CPU
		{2E76B527-8240-4790-ADB5-3CCD38D63F37}.Release|x64.Build.0 = Release|Any CPU
		{2E76B527-8240-4790-ADB5-3CCD38D63F37}.Release|x86.ActiveCfg = Release|Any CPU
		{2E76B527-8240-4790-ADB5-3CCD38D63F37}.Release|x86.Build.0 = Release|Any CPU
		{A54F0A79-5F2B-4A8D-BF1C-293FA6ABFF01}.Debug|Any CPU.ActiveCfg = Debug|Any CPU
		{A54F0A79-5F2B-4A8D-BF1C-293FA6ABFF01}.Debug|Any CPU.Build.0 = Debug|Any CPU
		{A54F0A79-5F2B-4A8D-BF1C-293FA6ABFF01}.Debug|x64.ActiveCfg = Debug|Any CPU
		{A54F0A79-5F2B-4A8D-BF1C-293FA6ABFF01}.Debug|x64.Build.0 = Debug|Any CPU
		{A54F0A79-5F2B-4A8D-BF1C-293FA6ABFF01}.Debug|x86.ActiveCfg = Debug|Any CPU
		{A54F0A79-5F2B-4A8D-BF1C-293FA6ABFF01}.Debug|x86.Build.0 = Debug|Any CPU
		{A54F0A79-5F2B-4A8D-BF1C-293FA6ABFF01}.Release|Any CPU.ActiveCfg = Release|Any CPU
		{A54F0A79-5F2B-4A8D-BF1C-293FA6ABFF01}.Release|Any CPU.Build.0 = Release|Any CPU
		{A54F0A79-5F2B-4A8D-BF1C-293FA6ABFF01}.Release|x64.ActiveCfg = Release|Any CPU
		{A54F0A79-5F2B-4A8D-BF1C-293FA6ABFF01}.Release|x64.Build.0 = Release|Any CPU
		{A54F0A79-5F2B-4A8D-BF1C-293FA6ABFF01}.Release|x86.ActiveCfg = Release|Any CPU
		{A54F0A79-5F2B-4A8D-BF1C-293FA6ABFF01}.Release|x86.Build.0 = Release|Any CPU
	EndGlobalSection
	GlobalSection(SolutionProperties) = preSolution
		HideSolutionNode = FALSE
	EndGlobalSection
EndGlobal
